
Microsoft Visual Studio Solution File, Format Version 12.00
# Visual Studio Version 16
VisualStudioVersion = 16.0.31624.102
MinimumVisualStudioVersion = 10.0.40219.1
Project("{FAE04EC0-301F-11D3-BF4B-00C04F79EFBC}") = "Client", "Client.csproj", "{B3A6104B-8B69-4645-B2AF-747E3F296BBC}"
EndProject
Project("{FAE04EC0-301F-11D3-BF4B-00C04F79EFBC}") = "ServerSocket", "..\ServerSocket\ServerSocket.csproj", "{19370ED5-6B77-42DA-A8A0-49B982CDEEC8}"
EndProject
Project("{FAE04EC0-301F-11D3-BF4B-00C04F79EFBC}") = "ServerMQ", "..\ServerMQ\ServerMQ.csproj", "{89F46416-1EEA-4F4A-B466-297C5A7CDA5D}"
EndProject
Global
	GlobalSection(SolutionConfigurationPlatforms) = preSolution
		Debug|Any CPU = Debug|Any CPU
		Release|Any CPU = Release|Any CPU
	EndGlobalSection
	GlobalSection(ProjectConfigurationPlatforms) = postSolution
		{B3A6104B-8B69-4645-B2AF-747E3F296BBC}.Debug|Any CPU.ActiveCfg = Debug|Any CPU
		{B3A6104B-8B69-4645-B2AF-747E3F296BBC}.Debug|Any CPU.Build.0 = Debug|Any CPU
		{B3A6104B-8B69-4645-B2AF-747E3F296BBC}.Release|Any CPU.ActiveCfg = Release|Any CPU
		{B3A6104B-8B69-4645-B2AF-747E3F296BBC}.Release|Any CPU.Build.0 = Release|Any CPU
		{19370ED5-6B77-42DA-A8A0-49B982CDEEC8}.Debug|Any CPU.ActiveCfg = Debug|Any CPU
		{19370ED5-6B77-42DA-A8A0-49B982CDEEC8}.Debug|Any CPU.Build.0 = Debug|Any CPU
		{19370ED5-6B77-42DA-A8A0-49B982CDEEC8}.Release|Any CPU.ActiveCfg = Release|Any CPU
		{19370ED5-6B77-42DA-A8A0-49B982CDEEC8}.Release|Any CPU.Build.0 = Release|Any CPU
		{89F46416-1EEA-4F4A-B466-297C5A7CDA5D}.Debug|Any CPU.ActiveCfg = Debug|Any CPU
		{89F46416-1EEA-4F4A-B466-297C5A7CDA5D}.Debug|Any CPU.Build.0 = Debug|Any CPU
		{89F46416-1EEA-4F4A-B466-297C5A7CDA5D}.Release|Any CPU.ActiveCfg = Release|Any CPU
		{89F46416-1EEA-4F4A-B466-297C5A7CDA5D}.Release|Any CPU.Build.0 = Release|Any CPU
	EndGlobalSection
	GlobalSection(SolutionProperties) = preSolution
		HideSolutionNode = FALSE
	EndGlobalSection
	GlobalSection(ExtensibilityGlobals) = postSolution
		SolutionGuid = {0709473B-9B2C-4A09-AAE0-AA7EBC07D0EB}
	EndGlobalSection
EndGlobal
